// !$*UTF8*$!
{
	archiveVersion = 1;
	classes = {
	};
	objectVersion = 56;
	objects = {

/* Begin PBXBuildFile section */
		2805997965168B215E1FC44F /* Pods_CoreDataXCoreStore.framework in Frameworks */ = {isa = PBXBuildFile; fileRef = 7A8ECFCA60503B47D45CF4EA /* Pods_CoreDataXCoreStore.framework */; };
		4837761D29753FA80019C090 /* MyBooking.xcdatamodeld in Sources */ = {isa = PBXBuildFile; fileRef = 4837761B29753FA80019C090 /* MyBooking.xcdatamodeld */; };
		4837761F2975410A0019C090 /* FlightBookingInfo.swift in Sources */ = {isa = PBXBuildFile; fileRef = 4837761E2975410A0019C090 /* FlightBookingInfo.swift */; };
		48377621297546700019C090 /* FlightBookingDetail.swift in Sources */ = {isa = PBXBuildFile; fileRef = 48377620297546700019C090 /* FlightBookingDetail.swift */; };
		483776242975479F0019C090 /* CoreStoreManager.swift in Sources */ = {isa = PBXBuildFile; fileRef = 483776232975479F0019C090 /* CoreStoreManager.swift */; };
		48ECFAE42977D23C00075EAB /* NSDictionary+SafeObject.m in Sources */ = {isa = PBXBuildFile; fileRef = 48ECFAE32977D23C00075EAB /* NSDictionary+SafeObject.m */; };
		48F4927329767D5B00B9E486 /* InsuranceDetail.m in Sources */ = {isa = PBXBuildFile; fileRef = 48F4927229767D5B00B9E486 /* InsuranceDetail.m */; };
		48F492762976805800B9E486 /* InsurancedPerson.m in Sources */ = {isa = PBXBuildFile; fileRef = 48F492752976805800B9E486 /* InsurancedPerson.m */; };
		48F67EA62979425E0014F01A /* SchemaMappingV4ToV5.swift in Sources */ = {isa = PBXBuildFile; fileRef = 48F67EA52979425E0014F01A /* SchemaMappingV4ToV5.swift */; };
		48FFBC0629753E9B00936A95 /* AppDelegate.swift in Sources */ = {isa = PBXBuildFile; fileRef = 48FFBC0529753E9B00936A95 /* AppDelegate.swift */; };
		48FFBC0829753E9B00936A95 /* SceneDelegate.swift in Sources */ = {isa = PBXBuildFile; fileRef = 48FFBC0729753E9B00936A95 /* SceneDelegate.swift */; };
		48FFBC0A29753E9B00936A95 /* ViewController.swift in Sources */ = {isa = PBXBuildFile; fileRef = 48FFBC0929753E9B00936A95 /* ViewController.swift */; };
		48FFBC0D29753E9B00936A95 /* Main.storyboard in Resources */ = {isa = PBXBuildFile; fileRef = 48FFBC0B29753E9B00936A95 /* Main.storyboard */; };
		48FFBC0F29753E9C00936A95 /* Assets.xcassets in Resources */ = {isa = PBXBuildFile; fileRef = 48FFBC0E29753E9C00936A95 /* Assets.xcassets */; };
		48FFBC1229753E9C00936A95 /* LaunchScreen.storyboard in Resources */ = {isa = PBXBuildFile; fileRef = 48FFBC1029753E9C00936A95 /* LaunchScreen.storyboard */; };
/* End PBXBuildFile section */

/* Begin PBXFileReference section */
		4837761C29753FA80019C090 /* MyBooking.xcdatamodel */ = {isa = PBXFileReference; lastKnownFileType = wrapper.xcdatamodel; path = MyBooking.xcdatamodel; sourceTree = "<group>"; };
		4837761E2975410A0019C090 /* FlightBookingInfo.swift */ = {isa = PBXFileReference; lastKnownFileType = sourcecode.swift; path = FlightBookingInfo.swift; sourceTree = "<group>"; };
		48377620297546700019C090 /* FlightBookingDetail.swift */ = {isa = PBXFileReference; lastKnownFileType = sourcecode.swift; path = FlightBookingDetail.swift; sourceTree = "<group>"; };
		483776232975479F0019C090 /* CoreStoreManager.swift */ = {isa = PBXFileReference; lastKnownFileType = sourcecode.swift; path = CoreStoreManager.swift; sourceTree = "<group>"; };
		4837762529754C1C0019C090 /* MyBookingV2.xcdatamodel */ = {isa = PBXFileReference; lastKnownFileType = wrapper.xcdatamodel; path = MyBookingV2.xcdatamodel; sourceTree = "<group>"; };
		4837762629755F160019C090 /* MyBookingV3.xcdatamodel */ = {isa = PBXFileReference; lastKnownFileType = wrapper.xcdatamodel; path = MyBookingV3.xcdatamodel; sourceTree = "<group>"; };
		48576270297920710061157D /* MyBookingV5.xcdatamodel */ = {isa = PBXFileReference; lastKnownFileType = wrapper.xcdatamodel; path = MyBookingV5.xcdatamodel; sourceTree = "<group>"; };
		48ECFAE22977D23C00075EAB /* NSDictionary+SafeObject.h */ = {isa = PBXFileReference; lastKnownFileType = sourcecode.c.h; path = "NSDictionary+SafeObject.h"; sourceTree = "<group>"; };
		48ECFAE32977D23C00075EAB /* NSDictionary+SafeObject.m */ = {isa = PBXFileReference; lastKnownFileType = sourcecode.c.objc; path = "NSDictionary+SafeObject.m"; sourceTree = "<group>"; };
		48F4927029767D5A00B9E486 /* CoreDataXCoreStore-Bridging-Header.h */ = {isa = PBXFileReference; lastKnownFileType = sourcecode.c.h; path = "CoreDataXCoreStore-Bridging-Header.h"; sourceTree = "<group>"; };
		48F4927129767D5B00B9E486 /* InsuranceDetail.h */ = {isa = PBXFileReference; lastKnownFileType = sourcecode.c.h; path = InsuranceDetail.h; sourceTree = "<group>"; };
		48F4927229767D5B00B9E486 /* InsuranceDetail.m */ = {isa = PBXFileReference; lastKnownFileType = sourcecode.c.objc; path = InsuranceDetail.m; sourceTree = "<group>"; };
		48F492742976805800B9E486 /* InsurancedPerson.h */ = {isa = PBXFileReference; lastKnownFileType = sourcecode.c.h; path = InsurancedPerson.h; sourceTree = "<group>"; };
		48F492752976805800B9E486 /* InsurancedPerson.m */ = {isa = PBXFileReference; lastKnownFileType = sourcecode.c.objc; path = InsurancedPerson.m; sourceTree = "<group>"; };
		48F4927729769D7D00B9E486 /* MyBookingV4.xcdatamodel */ = {isa = PBXFileReference; lastKnownFileType = wrapper.xcdatamodel; path = MyBookingV4.xcdatamodel; sourceTree = "<group>"; };
		48F67EA52979425E0014F01A /* SchemaMappingV4ToV5.swift */ = {isa = PBXFileReference; lastKnownFileType = sourcecode.swift; path = SchemaMappingV4ToV5.swift; sourceTree = "<group>"; };
		48FFBC0229753E9B00936A95 /* CoreDataXCoreStore.app */ = {isa = PBXFileReference; explicitFileType = wrapper.application; includeInIndex = 0; path = CoreDataXCoreStore.app; sourceTree = BUILT_PRODUCTS_DIR; };
		48FFBC0529753E9B00936A95 /* AppDelegate.swift */ = {isa = PBXFileReference; lastKnownFileType = sourcecode.swift; path = AppDelegate.swift; sourceTree = "<group>"; };
		48FFBC0729753E9B00936A95 /* SceneDelegate.swift */ = {isa = PBXFileReference; lastKnownFileType = sourcecode.swift; path = SceneDelegate.swift; sourceTree = "<group>"; };
		48FFBC0929753E9B00936A95 /* ViewController.swift */ = {isa = PBXFileReference; lastKnownFileType = sourcecode.swift; path = ViewController.swift; sourceTree = "<group>"; };
		48FFBC0C29753E9B00936A95 /* Base */ = {isa = PBXFileReference; lastKnownFileType = file.storyboard; name = Base; path = Base.lproj/Main.storyboard; sourceTree = "<group>"; };
		48FFBC0E29753E9C00936A95 /* Assets.xcassets */ = {isa = PBXFileReference; lastKnownFileType = folder.assetcatalog; path = Assets.xcassets; sourceTree = "<group>"; };
		48FFBC1129753E9C00936A95 /* Base */ = {isa = PBXFileReference; lastKnownFileType = file.storyboard; name = Base; path = Base.lproj/LaunchScreen.storyboard; sourceTree = "<group>"; };
		48FFBC1329753E9C00936A95 /* Info.plist */ = {isa = PBXFileReference; lastKnownFileType = text.plist.xml; path = Info.plist; sourceTree = "<group>"; };
		7A8ECFCA60503B47D45CF4EA /* Pods_CoreDataXCoreStore.framework */ = {isa = PBXFileReference; explicitFileType = wrapper.framework; includeInIndex = 0; path = Pods_CoreDataXCoreStore.framework; sourceTree = BUILT_PRODUCTS_DIR; };
		A27FA593CBE2042286C8B821 /* Pods-CoreDataXCoreStore.debug.xcconfig */ = {isa = PBXFileReference; includeInIndex = 1; lastKnownFileType = text.xcconfig; name = "Pods-CoreDataXCoreStore.debug.xcconfig"; path = "Target Support Files/Pods-CoreDataXCoreStore/Pods-CoreDataXCoreStore.debug.xcconfig"; sourceTree = "<group>"; };
		CDE7971C07B0EE45340766ED /* Pods-CoreDataXCoreStore.release.xcconfig */ = {isa = PBXFileReference; includeInIndex = 1; lastKnownFileType = text.xcconfig; name = "Pods-CoreDataXCoreStore.release.xcconfig"; path = "Target Support Files/Pods-CoreDataXCoreStore/Pods-CoreDataXCoreStore.release.xcconfig"; sourceTree = "<group>"; };
/* End PBXFileReference section */

/* Begin PBXFrameworksBuildPhase section */
		48FFBBFF29753E9B00936A95 /* Frameworks */ = {
			isa = PBXFrameworksBuildPhase;
			buildActionMask = 2147483647;
			files = (
				2805997965168B215E1FC44F /* Pods_CoreDataXCoreStore.framework in Frameworks */,
			);
			runOnlyForDeploymentPostprocessing = 0;
		};
/* End PBXFrameworksBuildPhase section */

/* Begin PBXGroup section */
		4837761A29753F830019C090 /* Model */ = {
			isa = PBXGroup;
			children = (
				487BCC5F29792A7D0065E467 /* MappingModel */,
				4837761B29753FA80019C090 /* MyBooking.xcdatamodeld */,
				4837761E2975410A0019C090 /* FlightBookingInfo.swift */,
				48377620297546700019C090 /* FlightBookingDetail.swift */,
				48F4927129767D5B00B9E486 /* InsuranceDetail.h */,
				48F4927229767D5B00B9E486 /* InsuranceDetail.m */,
				48F4927029767D5A00B9E486 /* CoreDataXCoreStore-Bridging-Header.h */,
				48F492742976805800B9E486 /* InsurancedPerson.h */,
				48F492752976805800B9E486 /* InsurancedPerson.m */,
			);
			path = Model;
			sourceTree = "<group>";
		};
		48377622297547940019C090 /* CoreStoreManager */ = {
			isa = PBXGroup;
			children = (
				483776232975479F0019C090 /* CoreStoreManager.swift */,
			);
			path = CoreStoreManager;
			sourceTree = "<group>";
		};
		487BCC5F29792A7D0065E467 /* MappingModel */ = {
			isa = PBXGroup;
			children = (
				48F67EA52979425E0014F01A /* SchemaMappingV4ToV5.swift */,
			);
			path = MappingModel;
			sourceTree = "<group>";
		};
		48ECFAE12977D21C00075EAB /* Extension */ = {
			isa = PBXGroup;
			children = (
				48ECFAE22977D23C00075EAB /* NSDictionary+SafeObject.h */,
				48ECFAE32977D23C00075EAB /* NSDictionary+SafeObject.m */,
			);
			path = Extension;
			sourceTree = "<group>";
		};
		48FFBBF929753E9B00936A95 = {
			isa = PBXGroup;
			children = (
				48FFBC0429753E9B00936A95 /* CoreDataXCoreStore */,
				48FFBC0329753E9B00936A95 /* Products */,
				9129938A7993A8D15379EC41 /* Pods */,
				FE3EAC9EF180372EF1091A99 /* Frameworks */,
			);
			sourceTree = "<group>";
		};
		48FFBC0329753E9B00936A95 /* Products */ = {
			isa = PBXGroup;
			children = (
				48FFBC0229753E9B00936A95 /* CoreDataXCoreStore.app */,
			);
			name = Products;
			sourceTree = "<group>";
		};
		48FFBC0429753E9B00936A95 /* CoreDataXCoreStore */ = {
			isa = PBXGroup;
			children = (
				48ECFAE12977D21C00075EAB /* Extension */,
				48377622297547940019C090 /* CoreStoreManager */,
				4837761A29753F830019C090 /* Model */,
				48FFBC0529753E9B00936A95 /* AppDelegate.swift */,
				48FFBC0729753E9B00936A95 /* SceneDelegate.swift */,
				48FFBC0929753E9B00936A95 /* ViewController.swift */,
				48FFBC0B29753E9B00936A95 /* Main.storyboard */,
				48FFBC0E29753E9C00936A95 /* Assets.xcassets */,
				48FFBC1029753E9C00936A95 /* LaunchScreen.storyboard */,
				48FFBC1329753E9C00936A95 /* Info.plist */,
			);
			path = CoreDataXCoreStore;
			sourceTree = "<group>";
		};
		9129938A7993A8D15379EC41 /* Pods */ = {
			isa = PBXGroup;
			children = (
				A27FA593CBE2042286C8B821 /* Pods-CoreDataXCoreStore.debug.xcconfig */,
				CDE7971C07B0EE45340766ED /* Pods-CoreDataXCoreStore.release.xcconfig */,
			);
			path = Pods;
			sourceTree = "<group>";
		};
		FE3EAC9EF180372EF1091A99 /* Frameworks */ = {
			isa = PBXGroup;
			children = (
				7A8ECFCA60503B47D45CF4EA /* Pods_CoreDataXCoreStore.framework */,
			);
			name = Frameworks;
			sourceTree = "<group>";
		};
/* End PBXGroup section */

/* Begin PBXNativeTarget section */
		48FFBC0129753E9B00936A95 /* CoreDataXCoreStore */ = {
			isa = PBXNativeTarget;
			buildConfigurationList = 48FFBC1629753E9C00936A95 /* Build configuration list for PBXNativeTarget "CoreDataXCoreStore" */;
			buildPhases = (
				68AE767C53113A28681F5F6D /* [CP] Check Pods Manifest.lock */,
				48FFBBFE29753E9B00936A95 /* Sources */,
				48FFBBFF29753E9B00936A95 /* Frameworks */,
				48FFBC0029753E9B00936A95 /* Resources */,
				DF703E089B052C453D2B8CAA /* [CP] Embed Pods Frameworks */,
			);
			buildRules = (
			);
			dependencies = (
			);
			name = CoreDataXCoreStore;
			productName = CoreDataXCoreStore;
			productReference = 48FFBC0229753E9B00936A95 /* CoreDataXCoreStore.app */;
			productType = "com.apple.product-type.application";
		};
/* End PBXNativeTarget section */

/* Begin PBXProject section */
		48FFBBFA29753E9B00936A95 /* Project object */ = {
			isa = PBXProject;
			attributes = {
				BuildIndependentTargetsInParallel = 1;
				LastSwiftUpdateCheck = 1400;
				LastUpgradeCheck = 1400;
				TargetAttributes = {
					48FFBC0129753E9B00936A95 = {
						CreatedOnToolsVersion = 14.0.1;
						LastSwiftMigration = 1400;
					};
				};
			};
			buildConfigurationList = 48FFBBFD29753E9B00936A95 /* Build configuration list for PBXProject "CoreDataXCoreStore" */;
			compatibilityVersion = "Xcode 14.0";
			developmentRegion = en;
			hasScannedForEncodings = 0;
			knownRegions = (
				en,
				Base,
			);
			mainGroup = 48FFBBF929753E9B00936A95;
			productRefGroup = 48FFBC0329753E9B00936A95 /* Products */;
			projectDirPath = "";
			projectRoot = "";
			targets = (
				48FFBC0129753E9B00936A95 /* CoreDataXCoreStore */,
			);
		};
/* End PBXProject section */

/* Begin PBXResourcesBuildPhase section */
		48FFBC0029753E9B00936A95 /* Resources */ = {
			isa = PBXResourcesBuildPhase;
			buildActionMask = 2147483647;
			files = (
				48FFBC1229753E9C00936A95 /* LaunchScreen.storyboard in Resources */,
				48FFBC0F29753E9C00936A95 /* Assets.xcassets in Resources */,
				48FFBC0D29753E9B00936A95 /* Main.storyboard in Resources */,
			);
			runOnlyForDeploymentPostprocessing = 0;
		};
/* End PBXResourcesBuildPhase section */

/* Begin PBXShellScriptBuildPhase section */
		68AE767C53113A28681F5F6D /* [CP] Check Pods Manifest.lock */ = {
			isa = PBXShellScriptBuildPhase;
			buildActionMask = 2147483647;
			files = (
			);
			inputFileListPaths = (
			);
			inputPaths = (
				"${PODS_PODFILE_DIR_PATH}/Podfile.lock",
				"${PODS_ROOT}/Manifest.lock",
			);
			name = "[CP] Check Pods Manifest.lock";
			outputFileListPaths = (
			);
			outputPaths = (
				"$(DERIVED_FILE_DIR)/Pods-CoreDataXCoreStore-checkManifestLockResult.txt",
			);
			runOnlyForDeploymentPostprocessing = 0;
			shellPath = /bin/sh;
			shellScript = "diff \"${PODS_PODFILE_DIR_PATH}/Podfile.lock\" \"${PODS_ROOT}/Manifest.lock\" > /dev/null\nif [ $? != 0 ] ; then\n    # print error to STDERR\n    echo \"error: The sandbox is not in sync with the Podfile.lock. Run 'pod install' or update your CocoaPods installation.\" >&2\n    exit 1\nfi\n# This output is used by Xcode 'outputs' to avoid re-running this script phase.\necho \"SUCCESS\" > \"${SCRIPT_OUTPUT_FILE_0}\"\n";
			showEnvVarsInLog = 0;
		};
		DF703E089B052C453D2B8CAA /* [CP] Embed Pods Frameworks */ = {
			isa = PBXShellScriptBuildPhase;
			buildActionMask = 2147483647;
			files = (
			);
			inputFileListPaths = (
				"${PODS_ROOT}/Target Support Files/Pods-CoreDataXCoreStore/Pods-CoreDataXCoreStore-frameworks-${CONFIGURATION}-input-files.xcfilelist",
			);
			name = "[CP] Embed Pods Frameworks";
			outputFileListPaths = (
				"${PODS_ROOT}/Target Support Files/Pods-CoreDataXCoreStore/Pods-CoreDataXCoreStore-frameworks-${CONFIGURATION}-output-files.xcfilelist",
			);
			runOnlyForDeploymentPostprocessing = 0;
			shellPath = /bin/sh;
			shellScript = "\"${PODS_ROOT}/Target Support Files/Pods-CoreDataXCoreStore/Pods-CoreDataXCoreStore-frameworks.sh\"\n";
			showEnvVarsInLog = 0;
		};
/* End PBXShellScriptBuildPhase section */

/* Begin PBXSourcesBuildPhase section */
		48FFBBFE29753E9B00936A95 /* Sources */ = {
			isa = PBXSourcesBuildPhase;
			buildActionMask = 2147483647;
			files = (
				48ECFAE42977D23C00075EAB /* NSDictionary+SafeObject.m in Sources */,
				48377621297546700019C090 /* FlightBookingDetail.swift in Sources */,
				4837761F2975410A0019C090 /* FlightBookingInfo.swift in Sources */,
				48FFBC0A29753E9B00936A95 /* ViewController.swift in Sources */,
				48F492762976805800B9E486 /* InsurancedPerson.m in Sources */,
				48F67EA62979425E0014F01A /* SchemaMappingV4ToV5.swift in Sources */,
				4837761D29753FA80019C090 /* MyBooking.xcdatamodeld in Sources */,
				48FFBC0629753E9B00936A95 /* AppDelegate.swift in Sources */,
				48FFBC0829753E9B00936A95 /* SceneDelegate.swift in Sources */,
				483776242975479F0019C090 /* CoreStoreManager.swift in Sources */,
				48F4927329767D5B00B9E486 /* InsuranceDetail.m in Sources */,
			);
			runOnlyForDeploymentPostprocessing = 0;
		};
/* End PBXSourcesBuildPhase section */

/* Begin PBXVariantGroup section */
		48FFBC0B29753E9B00936A95 /* Main.storyboard */ = {
			isa = PBXVariantGroup;
			children = (
				48FFBC0C29753E9B00936A95 /* Base */,
			);
			name = Main.storyboard;
			sourceTree = "<group>";
		};
		48FFBC1029753E9C00936A95 /* LaunchScreen.storyboard */ = {
			isa = PBXVariantGroup;
			children = (
				48FFBC1129753E9C00936A95 /* Base */,
			);
			name = LaunchScreen.storyboard;
			sourceTree = "<group>";
		};
/* End PBXVariantGroup section */

/* Begin XCBuildConfiguration section */
		48FFBC1429753E9C00936A95 /* Debug */ = {
			isa = XCBuildConfiguration;
			buildSettings = {
				ALWAYS_SEARCH_USER_PATHS = NO;
				CLANG_ANALYZER_NONNULL = YES;
				CLANG_ANALYZER_NUMBER_OBJECT_CONVERSION = YES_AGGRESSIVE;
				CLANG_CXX_LANGUAGE_STANDARD = "gnu++20";
				CLANG_ENABLE_MODULES = YES;
				CLANG_ENABLE_OBJC_ARC = YES;
				CLANG_ENABLE_OBJC_WEAK = YES;
				CLANG_WARN_BLOCK_CAPTURE_AUTORELEASING = YES;
				CLANG_WARN_BOOL_CONVERSION = YES;
				CLANG_WARN_COMMA = YES;
				CLANG_WARN_CONSTANT_CONVERSION = YES;
				CLANG_WARN_DEPRECATED_OBJC_IMPLEMENTATIONS = YES;
				CLANG_WARN_DIRECT_OBJC_ISA_USAGE = YES_ERROR;
				CLANG_WARN_DOCUMENTATION_COMMENTS = YES;
				CLANG_WARN_EMPTY_BODY = YES;
				CLANG_WARN_ENUM_CONVERSION = YES;
				CLANG_WARN_INFINITE_RECURSION = YES;
				CLANG_WARN_INT_CONVERSION = YES;
				CLANG_WARN_NON_LITERAL_NULL_CONVERSION = YES;
				CLANG_WARN_OBJC_IMPLICIT_RETAIN_SELF = YES;
				CLANG_WARN_OBJC_LITERAL_CONVERSION = YES;
				CLANG_WARN_OBJC_ROOT_CLASS = YES_ERROR;
				CLANG_WARN_QUOTED_INCLUDE_IN_FRAMEWORK_HEADER = YES;
				CLANG_WARN_RANGE_LOOP_ANALYSIS = YES;
				CLANG_WARN_STRICT_PROTOTYPES = YES;
				CLANG_WARN_SUSPICIOUS_MOVE = YES;
				CLANG_WARN_UNGUARDED_AVAILABILITY = YES_AGGRESSIVE;
				CLANG_WARN_UNREACHABLE_CODE = YES;
				CLANG_WARN__DUPLICATE_METHOD_MATCH = YES;
				COPY_PHASE_STRIP = NO;
				DEBUG_INFORMATION_FORMAT = dwarf;
				DEFINES_MODULE = YES;
				ENABLE_STRICT_OBJC_MSGSEND = YES;
				ENABLE_TESTABILITY = YES;
				GCC_C_LANGUAGE_STANDARD = gnu11;
				GCC_DYNAMIC_NO_PIC = NO;
				GCC_NO_COMMON_BLOCKS = YES;
				GCC_OPTIMIZATION_LEVEL = 0;
				GCC_PREPROCESSOR_DEFINITIONS = (
					"DEBUG=1",
					"$(inherited)",
				);
				GCC_WARN_64_TO_32_BIT_CONVERSION = YES;
				GCC_WARN_ABOUT_RETURN_TYPE = YES_ERROR;
				GCC_WARN_UNDECLARED_SELECTOR = YES;
				GCC_WARN_UNINITIALIZED_AUTOS = YES_AGGRESSIVE;
				GCC_WARN_UNUSED_FUNCTION = YES;
				GCC_WARN_UNUSED_VARIABLE = YES;
				IPHONEOS_DEPLOYMENT_TARGET = 14.0;
				MTL_ENABLE_DEBUG_INFO = INCLUDE_SOURCE;
				MTL_FAST_MATH = YES;
				ONLY_ACTIVE_ARCH = YES;
				SDKROOT = iphoneos;
				SWIFT_ACTIVE_COMPILATION_CONDITIONS = DEBUG;
				SWIFT_OPTIMIZATION_LEVEL = "-Onone";
			};
			name = Debug;
		};
		48FFBC1529753E9C00936A95 /* Release */ = {
			isa = XCBuildConfiguration;
			buildSettings = {
				ALWAYS_SEARCH_USER_PATHS = NO;
				CLANG_ANALYZER_NONNULL = YES;
				CLANG_ANALYZER_NUMBER_OBJECT_CONVERSION = YES_AGGRESSIVE;
				CLANG_CXX_LANGUAGE_STANDARD = "gnu++20";
				CLANG_ENABLE_MODULES = YES;
				CLANG_ENABLE_OBJC_ARC = YES;
				CLANG_ENABLE_OBJC_WEAK = YES;
				CLANG_WARN_BLOCK_CAPTURE_AUTORELEASING = YES;
				CLANG_WARN_BOOL_CONVERSION = YES;
				CLANG_WARN_COMMA = YES;
				CLANG_WARN_CONSTANT_CONVERSION = YES;
				CLANG_WARN_DEPRECATED_OBJC_IMPLEMENTATIONS = YES;
				CLANG_WARN_DIRECT_OBJC_ISA_USAGE = YES_ERROR;
				CLANG_WARN_DOCUMENTATION_COMMENTS = YES;
				CLANG_WARN_EMPTY_BODY = YES;
				CLANG_WARN_ENUM_CONVERSION = YES;
				CLANG_WARN_INFINITE_RECURSION = YES;
				CLANG_WARN_INT_CONVERSION = YES;
				CLANG_WARN_NON_LITERAL_NULL_CONVERSION = YES;
				CLANG_WARN_OBJC_IMPLICIT_RETAIN_SELF = YES;
				CLANG_WARN_OBJC_LITERAL_CONVERSION = YES;
				CLANG_WARN_OBJC_ROOT_CLASS = YES_ERROR;
				CLANG_WARN_QUOTED_INCLUDE_IN_FRAMEWORK_HEADER = YES;
				CLANG_WARN_RANGE_LOOP_ANALYSIS = YES;
				CLANG_WARN_STRICT_PROTOTYPES = YES;
				CLANG_WARN_SUSPICIOUS_MOVE = YES;
				CLANG_WARN_UNGUARDED_AVAILABILITY = YES_AGGRESSIVE;
				CLANG_WARN_UNREACHABLE_CODE = YES;
				CLANG_WARN__DUPLICATE_METHOD_MATCH = YES;
				COPY_PHASE_STRIP = NO;
				DEBUG_INFORMATION_FORMAT = "dwarf-with-dsym";
				DEFINES_MODULE = YES;
				ENABLE_NS_ASSERTIONS = NO;
				ENABLE_STRICT_OBJC_MSGSEND = YES;
				GCC_C_LANGUAGE_STANDARD = gnu11;
				GCC_NO_COMMON_BLOCKS = YES;
				GCC_WARN_64_TO_32_BIT_CONVERSION = YES;
				GCC_WARN_ABOUT_RETURN_TYPE = YES_ERROR;
				GCC_WARN_UNDECLARED_SELECTOR = YES;
				GCC_WARN_UNINITIALIZED_AUTOS = YES_AGGRESSIVE;
				GCC_WARN_UNUSED_FUNCTION = YES;
				GCC_WARN_UNUSED_VARIABLE = YES;
				IPHONEOS_DEPLOYMENT_TARGET = 14.0;
				MTL_ENABLE_DEBUG_INFO = NO;
				MTL_FAST_MATH = YES;
				SDKROOT = iphoneos;
				SWIFT_COMPILATION_MODE = wholemodule;
				SWIFT_OPTIMIZATION_LEVEL = "-O";
				VALIDATE_PRODUCT = YES;
			};
			name = Release;
		};
		48FFBC1729753E9C00936A95 /* Debug */ = {
			isa = XCBuildConfiguration;
			baseConfigurationReference = A27FA593CBE2042286C8B821 /* Pods-CoreDataXCoreStore.debug.xcconfig */;
			buildSettings = {
				ASSETCATALOG_COMPILER_APPICON_NAME = AppIcon;
				ASSETCATALOG_COMPILER_GLOBAL_ACCENT_COLOR_NAME = AccentColor;
				CODE_SIGN_STYLE = Automatic;
				CURRENT_PROJECT_VERSION = 1;
				DEVELOPMENT_TEAM = RD7TLJ6X49;
				GENERATE_INFOPLIST_FILE = YES;
				INFOPLIST_FILE = CoreDataXCoreStore/Info.plist;
				INFOPLIST_KEY_UIApplicationSupportsIndirectInputEvents = YES;
				INFOPLIST_KEY_UILaunchStoryboardName = LaunchScreen;
				INFOPLIST_KEY_UIMainStoryboardFile = Main;
				INFOPLIST_KEY_UISupportedInterfaceOrientations_iPad = "UIInterfaceOrientationPortrait UIInterfaceOrientationPortraitUpsideDown UIInterfaceOrientationLandscapeLeft UIInterfaceOrientationLandscapeRight";
				INFOPLIST_KEY_UISupportedInterfaceOrientations_iPhone = "UIInterfaceOrientationPortrait UIInterfaceOrientationLandscapeLeft UIInterfaceOrientationLandscapeRight";
				LD_RUNPATH_SEARCH_PATHS = (
					"$(inherited)",
					"@executable_path/Frameworks",
				);
				MARKETING_VERSION = 1.0;
				PRODUCT_BUNDLE_IDENTIFIER = com.dwirandyh.CoreDataXCoreStore;
				PRODUCT_NAME = "$(TARGET_NAME)";
				SWIFT_EMIT_LOC_STRINGS = YES;
				SWIFT_OBJC_BRIDGING_HEADER = "CoreDataXCoreStore/Model/CoreDataXCoreStore-Bridging-Header.h";
				SWIFT_OPTIMIZATION_LEVEL = "-Onone";
				SWIFT_VERSION = 5.0;
				TARGETED_DEVICE_FAMILY = "1,2";
			};
			name = Debug;
		};
		48FFBC1829753E9C00936A95 /* Release */ = {
			isa = XCBuildConfiguration;
			baseConfigurationReference = CDE7971C07B0EE45340766ED /* Pods-CoreDataXCoreStore.release.xcconfig */;
			buildSettings = {
				ASSETCATALOG_COMPILER_APPICON_NAME = AppIcon;
				ASSETCATALOG_COMPILER_GLOBAL_ACCENT_COLOR_NAME = AccentColor;
				CODE_SIGN_STYLE = Automatic;
				CURRENT_PROJECT_VERSION = 1;
				DEVELOPMENT_TEAM = RD7TLJ6X49;
				GENERATE_INFOPLIST_FILE = YES;
				INFOPLIST_FILE = CoreDataXCoreStore/Info.plist;
				INFOPLIST_KEY_UIApplicationSupportsIndirectInputEvents = YES;
				INFOPLIST_KEY_UILaunchStoryboardName = LaunchScreen;
				INFOPLIST_KEY_UIMainStoryboardFile = Main;
				INFOPLIST_KEY_UISupportedInterfaceOrientations_iPad = "UIInterfaceOrientationPortrait UIInterfaceOrientationPortraitUpsideDown UIInterfaceOrientationLandscapeLeft UIInterfaceOrientationLandscapeRight";
				INFOPLIST_KEY_UISupportedInterfaceOrientations_iPhone = "UIInterfaceOrientationPortrait UIInterfaceOrientationLandscapeLeft UIInterfaceOrientationLandscapeRight";
				LD_RUNPATH_SEARCH_PATHS = (
					"$(inherited)",
					"@executable_path/Frameworks",
				);
				MARKETING_VERSION = 1.0;
				PRODUCT_BUNDLE_IDENTIFIER = com.dwirandyh.CoreDataXCoreStore;
				PRODUCT_NAME = "$(TARGET_NAME)";
				SWIFT_EMIT_LOC_STRINGS = YES;
				SWIFT_OBJC_BRIDGING_HEADER = "CoreDataXCoreStore/Model/CoreDataXCoreStore-Bridging-Header.h";
				SWIFT_VERSION = 5.0;
				TARGETED_DEVICE_FAMILY = "1,2";
			};
			name = Release;
		};
/* End XCBuildConfiguration section */

/* Begin XCConfigurationList section */
		48FFBBFD29753E9B00936A95 /* Build configuration list for PBXProject "CoreDataXCoreStore" */ = {
			isa = XCConfigurationList;
			buildConfigurations = (
				48FFBC1429753E9C00936A95 /* Debug */,
				48FFBC1529753E9C00936A95 /* Release */,
			);
			defaultConfigurationIsVisible = 0;
			defaultConfigurationName = Release;
		};
		48FFBC1629753E9C00936A95 /* Build configuration list for PBXNativeTarget "CoreDataXCoreStore" */ = {
			isa = XCConfigurationList;
			buildConfigurations = (
				48FFBC1729753E9C00936A95 /* Debug */,
				48FFBC1829753E9C00936A95 /* Release */,
			);
			defaultConfigurationIsVisible = 0;
			defaultConfigurationName = Release;
		};
/* End XCConfigurationList section */

/* Begin XCVersionGroup section */
		4837761B29753FA80019C090 /* MyBooking.xcdatamodeld */ = {
			isa = XCVersionGroup;
			children = (
				48576270297920710061157D /* MyBookingV5.xcdatamodel */,
				48F4927729769D7D00B9E486 /* MyBookingV4.xcdatamodel */,
				4837762629755F160019C090 /* MyBookingV3.xcdatamodel */,
				4837762529754C1C0019C090 /* MyBookingV2.xcdatamodel */,
				4837761C29753FA80019C090 /* MyBooking.xcdatamodel */,
			);
			currentVersion = 48576270297920710061157D /* MyBookingV5.xcdatamodel */;
			path = MyBooking.xcdatamodeld;
			sourceTree = "<group>";
			versionGroupType = wrapper.xcdatamodel;
		};
/* End XCVersionGroup section */
	};
	rootObject = 48FFBBFA29753E9B00936A95 /* Project object */;
}
